
Microsoft Visual Studio Solution File, Format Version 12.00
# Visual Studio Version 17
VisualStudioVersion = 17.2.32616.157
MinimumVisualStudioVersion = 10.0.40219.1
Project("{FAE04EC0-301F-11D3-BF4B-00C04F79EFBC}") = "SDK_Laboratoire1", "SDK_Laboratoire1\SDK_Laboratoire1.csproj", "{280A06FD-BB8B-4981-8DBA-6860BAFEA0C6}"
EndProject
Project("{FAE04EC0-301F-11D3-BF4B-00C04F79EFBC}") = "LibrairieConversationNote", "LibrairieConversationNote\LibrairieConversationNote.csproj", "{544FED23-5A48-4C65-8CB7-B42764133E5F}"
EndProject
Global
	GlobalSection(SolutionConfigurationPlatforms) = preSolution
		Debug|Any CPU = Debug|Any CPU
		Release|Any CPU = Release|Any CPU
	EndGlobalSection
	GlobalSection(ProjectConfigurationPlatforms) = postSolution
		{280A06FD-BB8B-4981-8DBA-6860BAFEA0C6}.Debug|Any CPU.ActiveCfg = Debug|Any CPU
		{280A06FD-BB8B-4981-8DBA-6860BAFEA0C6}.Debug|Any CPU.Build.0 = Debug|Any CPU
		{280A06FD-BB8B-4981-8DBA-6860BAFEA0C6}.Release|Any CPU.ActiveCfg = Release|Any CPU
		{280A06FD-BB8B-4981-8DBA-6860BAFEA0C6}.Release|Any CPU.Build.0 = Release|Any CPU
		{544FED23-5A48-4C65-8CB7-B42764133E5F}.Debug|Any CPU.ActiveCfg = Debug|Any CPU
		{544FED23-5A48-4C65-8CB7-B42764133E5F}.Debug|Any CPU.Build.0 = Debug|Any CPU
		{544FED23-5A48-4C65-8CB7-B42764133E5F}.Release|Any CPU.ActiveCfg = Release|Any CPU
		{544FED23-5A48-4C65-8CB7-B42764133E5F}.Release|Any CPU.Build.0 = Release|Any CPU
	EndGlobalSection
	GlobalSection(SolutionProperties) = preSolution
		HideSolutionNode = FALSE
	EndGlobalSection
	GlobalSection(ExtensibilityGlobals) = postSolution
		SolutionGuid = {3735183D-B050-4565-8467-5FE8ED7952F0}
	EndGlobalSection
EndGlobal
